# This file is automatically @generated by Cargo.
# It is not intended for manual editing.
version = 3

[[package]]
name = "array-macro"
version = "2.1.1"
source = "registry+https://github.com/rust-lang/crates.io-index"
checksum = "e3910176479c9bcbaf2bd8d311e8ba806c14cc78bf5578a17e215545b4af42b2"

[[package]]
name = "kyopro_educational_90"
version = "0.1.0"
dependencies = [
 "array-macro",
 "proconio",
]

[[package]]
name = "lazy_static"
version = "1.4.0"
source = "registry+https://github.com/rust-lang/crates.io-index"
checksum = "e2abad23fbc42b3700f2f279844dc832adb2b2eb069b2df918f455c4e18cc646"

[[package]]
name = "proconio"
version = "0.3.8"
source = "registry+https://github.com/rust-lang/crates.io-index"
checksum = "a419339c658e4bb054e62cb6aa1cd948e7042c72aa328761097bd35dc01de1b5"
dependencies = [
 "lazy_static",
]
